// !$*UTF8*$!
{
	archiveVersion = 1;
	classes = {
	};
	objectVersion = 46;
	objects = {

/* Begin PBXBuildFile section */
		00A9DF59187A8F4700767ECA /* Foundation.framework in Frameworks */ = {isa = PBXBuildFile; fileRef = 00A9DF58187A8F4700767ECA /* Foundation.framework */; };
		00A9DF5B187A8F4700767ECA /* CoreGraphics.framework in Frameworks */ = {isa = PBXBuildFile; fileRef = 00A9DF5A187A8F4700767ECA /* CoreGraphics.framework */; };
		00A9DF5D187A8F4700767ECA /* UIKit.framework in Frameworks */ = {isa = PBXBuildFile; fileRef = 00A9DF5C187A8F4700767ECA /* UIKit.framework */; };
		00A9DF63187A8F4700767ECA /* InfoPlist.strings in Resources */ = {isa = PBXBuildFile; fileRef = 00A9DF61187A8F4700767ECA /* InfoPlist.strings */; };
		00A9DF65187A8F4700767ECA /* main.m in Sources */ = {isa = PBXBuildFile; fileRef = 00A9DF64187A8F4700767ECA /* main.m */; };
		00A9DF69187A8F4700767ECA /* AppDelegate.m in Sources */ = {isa = PBXBuildFile; fileRef = 00A9DF68187A8F4700767ECA /* AppDelegate.m */; };
		00A9DF6C187A8F4700767ECA /* Main.storyboard in Resources */ = {isa = PBXBuildFile; fileRef = 00A9DF6A187A8F4700767ECA /* Main.storyboard */; };
		00A9DF6F187A8F4700767ECA /* ViewController.m in Sources */ = {isa = PBXBuildFile; fileRef = 00A9DF6E187A8F4700767ECA /* ViewController.m */; };
		00A9DF71187A8F4700767ECA /* Images.xcassets in Resources */ = {isa = PBXBuildFile; fileRef = 00A9DF70187A8F4700767ECA /* Images.xcassets */; };
		00A9DF78187A8F4700767ECA /* XCTest.framework in Frameworks */ = {isa = PBXBuildFile; fileRef = 00A9DF77187A8F4700767ECA /* XCTest.framework */; };
		00A9DF79187A8F4700767ECA /* Foundation.framework in Frameworks */ = {isa = PBXBuildFile; fileRef = 00A9DF58187A8F4700767ECA /* Foundation.framework */; };
		00A9DF7A187A8F4700767ECA /* UIKit.framework in Frameworks */ = {isa = PBXBuildFile; fileRef = 00A9DF5C187A8F4700767ECA /* UIKit.framework */; };
		00A9DF82187A8F4700767ECA /* InfoPlist.strings in Resources */ = {isa = PBXBuildFile; fileRef = 00A9DF80187A8F4700767ECA /* InfoPlist.strings */; };
		00A9DF84187A8F4700767ECA /* _70Tests.m in Sources */ = {isa = PBXBuildFile; fileRef = 00A9DF83187A8F4700767ECA /* _70Tests.m */; };
/* End PBXBuildFile section */

/* Begin PBXContainerItemProxy section */
		00A9DF7B187A8F4700767ECA /* PBXContainerItemProxy */ = {
			isa = PBXContainerItemProxy;
			containerPortal = 00A9DF4D187A8F4700767ECA /* Project object */;
			proxyType = 1;
			remoteGlobalIDString = 00A9DF54187A8F4700767ECA;
			remoteInfo = 170;
		};
/* End PBXContainerItemProxy section */

/* Begin PBXFileReference section */
		00A9DF55187A8F4700767ECA /* 170.app */ = {isa = PBXFileReference; explicitFileType = wrapper.application; includeInIndex = 0; path = 170.app; sourceTree = BUILT_PRODUCTS_DIR; };
		00A9DF58187A8F4700767ECA /* Foundation.framework */ = {isa = PBXFileReference; lastKnownFileType = wrapper.framework; name = Foundation.framework; path = System/Library/Frameworks/Foundation.framework; sourceTree = SDKROOT; };
		00A9DF5A187A8F4700767ECA /* CoreGraphics.framework */ = {isa = PBXFileReference; lastKnownFileType = wrapper.framework; name = CoreGraphics.framework; path = System/Library/Frameworks/CoreGraphics.framework; sourceTree = SDKROOT; };
		00A9DF5C187A8F4700767ECA /* UIKit.framework */ = {isa = PBXFileReference; lastKnownFileType = wrapper.framework; name = UIKit.framework; path = System/Library/Frameworks/UIKit.framework; sourceTree = SDKROOT; };
		00A9DF60187A8F4700767ECA /* 170-Info.plist */ = {isa = PBXFileReference; lastKnownFileType = text.plist.xml; path = "170-Info.plist"; sourceTree = "<group>"; };
		00A9DF62187A8F4700767ECA /* en */ = {isa = PBXFileReference; lastKnownFileType = text.plist.strings; name = en; path = en.lproj/InfoPlist.strings; sourceTree = "<group>"; };
		00A9DF64187A8F4700767ECA /* main.m */ = {isa = PBXFileReference; lastKnownFileType = sourcecode.c.objc; path = main.m; sourceTree = "<group>"; };
		00A9DF66187A8F4700767ECA /* 170-Prefix.pch */ = {isa = PBXFileReference; lastKnownFileType = sourcecode.c.h; path = "170-Prefix.pch"; sourceTree = "<group>"; };
		00A9DF67187A8F4700767ECA /* AppDelegate.h */ = {isa = PBXFileReference; lastKnownFileType = sourcecode.c.h; path = AppDelegate.h; sourceTree = "<group>"; };
		00A9DF68187A8F4700767ECA /* AppDelegate.m */ = {isa = PBXFileReference; lastKnownFileType = sourcecode.c.objc; path = AppDelegate.m; sourceTree = "<group>"; };
		00A9DF6B187A8F4700767ECA /* Base */ = {isa = PBXFileReference; lastKnownFileType = file.storyboard; name = Base; path = Base.lproj/Main.storyboard; sourceTree = "<group>"; };
		00A9DF6D187A8F4700767ECA /* ViewController.h */ = {isa = PBXFileReference; lastKnownFileType = sourcecode.c.h; path = ViewController.h; sourceTree = "<group>"; };
		00A9DF6E187A8F4700767ECA /* ViewController.m */ = {isa = PBXFileReference; lastKnownFileType = sourcecode.c.objc; path = ViewController.m; sourceTree = "<group>"; };
		00A9DF70187A8F4700767ECA /* Images.xcassets */ = {isa = PBXFileReference; lastKnownFileType = folder.assetcatalog; path = Images.xcassets; sourceTree = "<group>"; };
		00A9DF76187A8F4700767ECA /* 170Tests.xctest */ = {isa = PBXFileReference; explicitFileType = wrapper.cfbundle; includeInIndex = 0; path = 170Tests.xctest; sourceTree = BUILT_PRODUCTS_DIR; };
		00A9DF77187A8F4700767ECA /* XCTest.framework */ = {isa = PBXFileReference; lastKnownFileType = wrapper.framework; name = XCTest.framework; path = Library/Frameworks/XCTest.framework; sourceTree = DEVELOPER_DIR; };
		00A9DF7F187A8F4700767ECA /* 170Tests-Info.plist */ = {isa = PBXFileReference; lastKnownFileType = text.plist.xml; path = "170Tests-Info.plist"; sourceTree = "<group>"; };
		00A9DF81187A8F4700767ECA /* en */ = {isa = PBXFileReference; lastKnownFileType = text.plist.strings; name = en; path = en.lproj/InfoPlist.strings; sourceTree = "<group>"; };
		00A9DF83187A8F4700767ECA /* _70Tests.m */ = {isa = PBXFileReference; lastKnownFileType = sourcecode.c.objc; path = _70Tests.m; sourceTree = "<group>"; };
/* End PBXFileReference section */

/* Begin PBXFrameworksBuildPhase section */
		00A9DF52187A8F4700767ECA /* Frameworks */ = {
			isa = PBXFrameworksBuildPhase;
			buildActionMask = 2147483647;
			files = (
				00A9DF5B187A8F4700767ECA /* CoreGraphics.framework in Frameworks */,
				00A9DF5D187A8F4700767ECA /* UIKit.framework in Frameworks */,
				00A9DF59187A8F4700767ECA /* Foundation.framework in Frameworks */,
			);
			runOnlyForDeploymentPostprocessing = 0;
		};
		00A9DF73187A8F4700767ECA /* Frameworks */ = {
			isa = PBXFrameworksBuildPhase;
			buildActionMask = 2147483647;
			files = (
				00A9DF78187A8F4700767ECA /* XCTest.framework in Frameworks */,
				00A9DF7A187A8F4700767ECA /* UIKit.framework in Frameworks */,
				00A9DF79187A8F4700767ECA /* Foundation.framework in Frameworks */,
			);
			runOnlyForDeploymentPostprocessing = 0;
		};
/* End PBXFrameworksBuildPhase section */

/* Begin PBXGroup section */
		00A9DF4C187A8F4700767ECA = {
			isa = PBXGroup;
			children = (
				00A9DF5E187A8F4700767ECA /* 170 */,
				00A9DF7D187A8F4700767ECA /* 170Tests */,
				00A9DF57187A8F4700767ECA /* Frameworks */,
				00A9DF56187A8F4700767ECA /* Products */,
			);
			sourceTree = "<group>";
		};
		00A9DF56187A8F4700767ECA /* Products */ = {
			isa = PBXGroup;
			children = (
				00A9DF55187A8F4700767ECA /* 170.app */,
				00A9DF76187A8F4700767ECA /* 170Tests.xctest */,
			);
			name = Products;
			sourceTree = "<group>";
		};
		00A9DF57187A8F4700767ECA /* Frameworks */ = {
			isa = PBXGroup;
			children = (
				00A9DF58187A8F4700767ECA /* Foundation.framework */,
				00A9DF5A187A8F4700767ECA /* CoreGraphics.framework */,
				00A9DF5C187A8F4700767ECA /* UIKit.framework */,
				00A9DF77187A8F4700767ECA /* XCTest.framework */,
			);
			name = Frameworks;
			sourceTree = "<group>";
		};
		00A9DF5E187A8F4700767ECA /* 170 */ = {
			isa = PBXGroup;
			children = (
				00A9DF67187A8F4700767ECA /* AppDelegate.h */,
				00A9DF68187A8F4700767ECA /* AppDelegate.m */,
				00A9DF6A187A8F4700767ECA /* Main.storyboard */,
				00A9DF6D187A8F4700767ECA /* ViewController.h */,
				00A9DF6E187A8F4700767ECA /* ViewController.m */,
				00A9DF70187A8F4700767ECA /* Images.xcassets */,
				00A9DF5F187A8F4700767ECA /* Supporting Files */,
			);
			path = 170;
			sourceTree = "<group>";
		};
		00A9DF5F187A8F4700767ECA /* Supporting Files */ = {
			isa = PBXGroup;
			children = (
				00A9DF60187A8F4700767ECA /* 170-Info.plist */,
				00A9DF61187A8F4700767ECA /* InfoPlist.strings */,
				00A9DF64187A8F4700767ECA /* main.m */,
				00A9DF66187A8F4700767ECA /* 170-Prefix.pch */,
			);
			name = "Supporting Files";
			sourceTree = "<group>";
		};
		00A9DF7D187A8F4700767ECA /* 170Tests */ = {
			isa = PBXGroup;
			children = (
				00A9DF83187A8F4700767ECA /* _70Tests.m */,
				00A9DF7E187A8F4700767ECA /* Supporting Files */,
			);
			path = 170Tests;
			sourceTree = "<group>";
		};
		00A9DF7E187A8F4700767ECA /* Supporting Files */ = {
			isa = PBXGroup;
			children = (
				00A9DF7F187A8F4700767ECA /* 170Tests-Info.plist */,
				00A9DF80187A8F4700767ECA /* InfoPlist.strings */,
			);
			name = "Supporting Files";
			sourceTree = "<group>";
		};
/* End PBXGroup section */

/* Begin PBXNativeTarget section */
		00A9DF54187A8F4700767ECA /* 170 */ = {
			isa = PBXNativeTarget;
			buildConfigurationList = 00A9DF87187A8F4700767ECA /* Build configuration list for PBXNativeTarget "170" */;
			buildPhases = (
				00A9DF51187A8F4700767ECA /* Sources */,
				00A9DF52187A8F4700767ECA /* Frameworks */,
				00A9DF53187A8F4700767ECA /* Resources */,
			);
			buildRules = (
			);
			dependencies = (
			);
			name = 170;
			productName = 170;
			productReference = 00A9DF55187A8F4700767ECA /* 170.app */;
			productType = "com.apple.product-type.application";
		};
		00A9DF75187A8F4700767ECA /* 170Tests */ = {
			isa = PBXNativeTarget;
			buildConfigurationList = 00A9DF8A187A8F4700767ECA /* Build configuration list for PBXNativeTarget "170Tests" */;
			buildPhases = (
				00A9DF72187A8F4700767ECA /* Sources */,
				00A9DF73187A8F4700767ECA /* Frameworks */,
				00A9DF74187A8F4700767ECA /* Resources */,
			);
			buildRules = (
			);
			dependencies = (
				00A9DF7C187A8F4700767ECA /* PBXTargetDependency */,
			);
			name = 170Tests;
			productName = 170Tests;
			productReference = 00A9DF76187A8F4700767ECA /* 170Tests.xctest */;
			productType = "com.apple.product-type.bundle.unit-test";
		};
/* End PBXNativeTarget section */

/* Begin PBXProject section */
		00A9DF4D187A8F4700767ECA /* Project object */ = {
			isa = PBXProject;
			attributes = {
				LastUpgradeCheck = 0500;
				ORGANIZATIONNAME = "SDT-1";
				TargetAttributes = {
					00A9DF75187A8F4700767ECA = {
						TestTargetID = 00A9DF54187A8F4700767ECA;
					};
				};
			};
			buildConfigurationList = 00A9DF50187A8F4700767ECA /* Build configuration list for PBXProject "170" */;
			compatibilityVersion = "Xcode 3.2";
			developmentRegion = English;
			hasScannedForEncodings = 0;
			knownRegions = (
				en,
				Base,
			);
			mainGroup = 00A9DF4C187A8F4700767ECA;
			productRefGroup = 00A9DF56187A8F4700767ECA /* Products */;
			projectDirPath = "";
			projectRoot = "";
			targets = (
				00A9DF54187A8F4700767ECA /* 170 */,
				00A9DF75187A8F4700767ECA /* 170Tests */,
			);
		};
/* End PBXProject section */

/* Begin PBXResourcesBuildPhase section */
		00A9DF53187A8F4700767ECA /* Resources */ = {
			isa = PBXResourcesBuildPhase;
			buildActionMask = 2147483647;
			files = (
				00A9DF71187A8F4700767ECA /* Images.xcassets in Resources */,
				00A9DF63187A8F4700767ECA /* InfoPlist.strings in Resources */,
				00A9DF6C187A8F4700767ECA /* Main.storyboard in Resources */,
			);
			runOnlyForDeploymentPostprocessing = 0;
		};
		00A9DF74187A8F4700767ECA /* Resources */ = {
			isa = PBXResourcesBuildPhase;
			buildActionMask = 2147483647;
			files = (
				00A9DF82187A8F4700767ECA /* InfoPlist.strings in Resources */,
			);
			runOnlyForDeploymentPostprocessing = 0;
		};
/* End PBXResourcesBuildPhase section */

/* Begin PBXSourcesBuildPhase section */
		00A9DF51187A8F4700767ECA /* Sources */ = {
			isa = PBXSourcesBuildPhase;
			buildActionMask = 2147483647;
			files = (
				00A9DF6F187A8F4700767ECA /* ViewController.m in Sources */,
				00A9DF69187A8F4700767ECA /* AppDelegate.m in Sources */,
				00A9DF65187A8F4700767ECA /* main.m in Sources */,
			);
			runOnlyForDeploymentPostprocessing = 0;
		};
		00A9DF72187A8F4700767ECA /* Sources */ = {
			isa = PBXSourcesBuildPhase;
			buildActionMask = 2147483647;
			files = (
				00A9DF84187A8F4700767ECA /* _70Tests.m in Sources */,
			);
			runOnlyForDeploymentPostprocessing = 0;
		};
/* End PBXSourcesBuildPhase section */

/* Begin PBXTargetDependency section */
		00A9DF7C187A8F4700767ECA /* PBXTargetDependency */ = {
			isa = PBXTargetDependency;
			target = 00A9DF54187A8F4700767ECA /* 170 */;
			targetProxy = 00A9DF7B187A8F4700767ECA /* PBXContainerItemProxy */;
		};
/* End PBXTargetDependency section */

/* Begin PBXVariantGroup section */
		00A9DF61187A8F4700767ECA /* InfoPlist.strings */ = {
			isa = PBXVariantGroup;
			children = (
				00A9DF62187A8F4700767ECA /* en */,
			);
			name = InfoPlist.strings;
			sourceTree = "<group>";
		};
		00A9DF6A187A8F4700767ECA /* Main.storyboard */ = {
			isa = PBXVariantGroup;
			children = (
				00A9DF6B187A8F4700767ECA /* Base */,
			);
			name = Main.storyboard;
			sourceTree = "<group>";
		};
		00A9DF80187A8F4700767ECA /* InfoPlist.strings */ = {
			isa = PBXVariantGroup;
			children = (
				00A9DF81187A8F4700767ECA /* en */,
			);
			name = InfoPlist.strings;
			sourceTree = "<group>";
		};
/* End PBXVariantGroup section */

/* Begin XCBuildConfiguration section */
		00A9DF85187A8F4700767ECA /* Debug */ = {
			isa = XCBuildConfiguration;
			buildSettings = {
				ALWAYS_SEARCH_USER_PATHS = NO;
				ARCHS = "$(ARCHS_STANDARD_INCLUDING_64_BIT)";
				CLANG_CXX_LANGUAGE_STANDARD = "gnu++0x";
				CLANG_CXX_LIBRARY = "libc++";
				CLANG_ENABLE_MODULES = YES;
				CLANG_ENABLE_OBJC_ARC = YES;
				CLANG_WARN_BOOL_CONVERSION = YES;
				CLANG_WARN_CONSTANT_CONVERSION = YES;
				CLANG_WARN_DIRECT_OBJC_ISA_USAGE = YES_ERROR;
				CLANG_WARN_EMPTY_BODY = YES;
				CLANG_WARN_ENUM_CONVERSION = YES;
				CLANG_WARN_INT_CONVERSION = YES;
				CLANG_WARN_OBJC_ROOT_CLASS = YES_ERROR;
				CLANG_WARN__DUPLICATE_METHOD_MATCH = YES;
				"CODE_SIGN_IDENTITY[sdk=iphoneos*]" = "iPhone Developer";
				COPY_PHASE_STRIP = NO;
				GCC_C_LANGUAGE_STANDARD = gnu99;
				GCC_DYNAMIC_NO_PIC = NO;
				GCC_OPTIMIZATION_LEVEL = 0;
				GCC_PREPROCESSOR_DEFINITIONS = (
					"DEBUG=1",
					"$(inherited)",
				);
				GCC_SYMBOLS_PRIVATE_EXTERN = NO;
				GCC_WARN_64_TO_32_BIT_CONVERSION = YES;
				GCC_WARN_ABOUT_RETURN_TYPE = YES_ERROR;
				GCC_WARN_UNDECLARED_SELECTOR = YES;
				GCC_WARN_UNINITIALIZED_AUTOS = YES;
				GCC_WARN_UNUSED_FUNCTION = YES;
				GCC_WARN_UNUSED_VARIABLE = YES;
				IPHONEOS_DEPLOYMENT_TARGET = 7.0;
				ONLY_ACTIVE_ARCH = YES;
				SDKROOT = iphoneos;
			};
			name = Debug;
		};
		00A9DF86187A8F4700767ECA /* Release */ = {
			isa = XCBuildConfiguration;
			buildSettings = {
				ALWAYS_SEARCH_USER_PATHS = NO;
				ARCHS = "$(ARCHS_STANDARD_INCLUDING_64_BIT)";
				CLANG_CXX_LANGUAGE_STANDARD = "gnu++0x";
				CLANG_CXX_LIBRARY = "libc++";
				CLANG_ENABLE_MODULES = YES;
				CLANG_ENABLE_OBJC_ARC = YES;
				CLANG_WARN_BOOL_CONVERSION = YES;
				CLANG_WARN_CONSTANT_CONVERSION = YES;
				CLANG_WARN_DIRECT_OBJC_ISA_USAGE = YES_ERROR;
				CLANG_WARN_EMPTY_BODY = YES;
				CLANG_WARN_ENUM_CONVERSION = YES;
				CLANG_WARN_INT_CONVERSION = YES;
				CLANG_WARN_OBJC_ROOT_CLASS = YES_ERROR;
				CLANG_WARN__DUPLICATE_METHOD_MATCH = YES;
				"CODE_SIGN_IDENTITY[sdk=iphoneos*]" = "iPhone Developer";
				COPY_PHASE_STRIP = YES;
				ENABLE_NS_ASSERTIONS = NO;
				GCC_C_LANGUAGE_STANDARD = gnu99;
				GCC_WARN_64_TO_32_BIT_CONVERSION = YES;
				GCC_WARN_ABOUT_RETURN_TYPE = YES_ERROR;
				GCC_WARN_UNDECLARED_SELECTOR = YES;
				GCC_WARN_UNINITIALIZED_AUTOS = YES;
				GCC_WARN_UNUSED_FUNCTION = YES;
				GCC_WARN_UNUSED_VARIABLE = YES;
				IPHONEOS_DEPLOYMENT_TARGET = 7.0;
				SDKROOT = iphoneos;
				VALIDATE_PRODUCT = YES;
			};
			name = Release;
		};
		00A9DF88187A8F4700767ECA /* Debug */ = {
			isa = XCBuildConfiguration;
			buildSettings = {
				ASSETCATALOG_COMPILER_APPICON_NAME = AppIcon;
				ASSETCATALOG_COMPILER_LAUNCHIMAGE_NAME = LaunchImage;
				GCC_PRECOMPILE_PREFIX_HEADER = YES;
				GCC_PREFIX_HEADER = "170/170-Prefix.pch";
				INFOPLIST_FILE = "170/170-Info.plist";
				PRODUCT_NAME = "$(TARGET_NAME)";
				WRAPPER_EXTENSION = app;
			};
			name = Debug;
		};
		00A9DF89187A8F4700767ECA /* Release */ = {
			isa = XCBuildConfiguration;
			buildSettings = {
				ASSETCATALOG_COMPILER_APPICON_NAME = AppIcon;
				ASSETCATALOG_COMPILER_LAUNCHIMAGE_NAME = LaunchImage;
				GCC_PRECOMPILE_PREFIX_HEADER = YES;
				GCC_PREFIX_HEADER = "170/170-Prefix.pch";
				INFOPLIST_FILE = "170/170-Info.plist";
				PRODUCT_NAME = "$(TARGET_NAME)";
				WRAPPER_EXTENSION = app;
			};
			name = Release;
		};
		00A9DF8B187A8F4700767ECA /* Debug */ = {
			isa = XCBuildConfiguration;
			buildSettings = {
				ARCHS = "$(ARCHS_STANDARD_INCLUDING_64_BIT)";
				BUNDLE_LOADER = "$(BUILT_PRODUCTS_DIR)/170.app/170";
				FRAMEWORK_SEARCH_PATHS = (
					"$(SDKROOT)/Developer/Library/Frameworks",
					"$(inherited)",
					"$(DEVELOPER_FRAMEWORKS_DIR)",
				);
				GCC_PRECOMPILE_PREFIX_HEADER = YES;
				GCC_PREFIX_HEADER = "170/170-Prefix.pch";
				GCC_PREPROCESSOR_DEFINITIONS = (
					"DEBUG=1",
					"$(inherited)",
				);
				INFOPLIST_FILE = "170Tests/170Tests-Info.plist";
				PRODUCT_NAME = "$(TARGET_NAME)";
				TEST_HOST = "$(BUNDLE_LOADER)";
				WRAPPER_EXTENSION = xctest;
			};
			name = Debug;
		};
		00A9DF8C187A8F4700767ECA /* Release */ = {
			isa = XCBuildConfiguration;
			buildSettings = {
				ARCHS = "$(ARCHS_STANDARD_INCLUDING_64_BIT)";
				BUNDLE_LOADER = "$(BUILT_PRODUCTS_DIR)/170.app/170";
				FRAMEWORK_SEARCH_PATHS = (
					"$(SDKROOT)/Developer/Library/Frameworks",
					"$(inherited)",
					"$(DEVELOPER_FRAMEWORKS_DIR)",
				);
				GCC_PRECOMPILE_PREFIX_HEADER = YES;
				GCC_PREFIX_HEADER = "170/170-Prefix.pch";
				INFOPLIST_FILE = "170Tests/170Tests-Info.plist";
				PRODUCT_NAME = "$(TARGET_NAME)";
				TEST_HOST = "$(BUNDLE_LOADER)";
				WRAPPER_EXTENSION = xctest;
			};
			name = Release;
		};
/* End XCBuildConfiguration section */

/* Begin XCConfigurationList section */
		00A9DF50187A8F4700767ECA /* Build configuration list for PBXProject "170" */ = {
			isa = XCConfigurationList;
			buildConfigurations = (
				00A9DF85187A8F4700767ECA /* Debug */,
				00A9DF86187A8F4700767ECA /* Release */,
			);
			defaultConfigurationIsVisible = 0;
			defaultConfigurationName = Release;
		};
		00A9DF87187A8F4700767ECA /* Build configuration list for PBXNativeTarget "170" */ = {
			isa = XCConfigurationList;
			buildConfigurations = (
				00A9DF88187A8F4700767ECA /* Debug */,
				00A9DF89187A8F4700767ECA /* Release */,
			);
			defaultConfigurationIsVisible = 0;
		};
		00A9DF8A187A8F4700767ECA /* Build configuration list for PBXNativeTarget "170Tests" */ = {
			isa = XCConfigurationList;
			buildConfigurations = (
				00A9DF8B187A8F4700767ECA /* Debug */,
				00A9DF8C187A8F4700767ECA /* Release */,
			);
			defaultConfigurationIsVisible = 0;
		};
/* End XCConfigurationList section */
	};
	rootObject = 00A9DF4D187A8F4700767ECA /* Project object */;
}
